
Microsoft Visual Studio Solution File, Format Version 12.00
# Visual Studio 15
VisualStudioVersion = 15.0.28010.2003
MinimumVisualStudioVersion = 10.0.40219.1
Project("{FAE04EC0-301F-11D3-BF4B-00C04F79EFBC}") = "Escc.Web.Metadata", "Escc.Web.Metadata\Escc.Web.Metadata.csproj", "{32E15F86-8D88-443F-874F-056191C1BA04}"
EndProject
Project("{FAE04EC0-301F-11D3-BF4B-00C04F79EFBC}") = "Escc.Web.Metadata.SchemaSources.Esd", "Escc.Web.Metadata.SchemaSources.Esd\Escc.Web.Metadata.SchemaSources.Esd.csproj", "{5D0FF4FB-B541-4C36-9B19-B30CEB29A27B}"
EndProject
Project("{2150E333-8FDC-42A3-9474-1A3956D46DE8}") = "Solution items", "Solution items", "{D0F9CEFA-921C-4D0C-B1B9-4FC5B10DDD01}"
	ProjectSection(SolutionItems) = preProject
		.gitignore = .gitignore
		LICENSE.md = LICENSE.md
		README.md = README.md
	EndProjectSection
EndProject
Project("{9A19103F-16F7-4668-BE54-9A1E7A4F7556}") = "Escc.Metadata", "Escc.Metadata\Escc.Metadata.csproj", "{A29269E7-523F-49D7-97AD-8DAA602B47C8}"
EndProject
Project("{9A19103F-16F7-4668-BE54-9A1E7A4F7556}") = "Escc.Metadata.Mvc", "Escc.Metadata.Mvc\Escc.Metadata.Mvc.csproj", "{9F92F014-63C4-4EB8-AF7B-BF0599DAF5FF}"
EndProject
Global
	GlobalSection(SolutionConfigurationPlatforms) = preSolution
		Debug|Any CPU = Debug|Any CPU
		Release|Any CPU = Release|Any CPU
		UAT|Any CPU = UAT|Any CPU
	EndGlobalSection
	GlobalSection(ProjectConfigurationPlatforms) = postSolution
		{32E15F86-8D88-443F-874F-056191C1BA04}.Debug|Any CPU.ActiveCfg = Debug|Any CPU
		{32E15F86-8D88-443F-874F-056191C1BA04}.Debug|Any CPU.Build.0 = Debug|Any CPU
		{32E15F86-8D88-443F-874F-056191C1BA04}.Release|Any CPU.ActiveCfg = Release|Any CPU
		{32E15F86-8D88-443F-874F-056191C1BA04}.Release|Any CPU.Build.0 = Release|Any CPU
		{32E15F86-8D88-443F-874F-056191C1BA04}.UAT|Any CPU.ActiveCfg = Release|Any CPU
		{32E15F86-8D88-443F-874F-056191C1BA04}.UAT|Any CPU.Build.0 = Release|Any CPU
		{5D0FF4FB-B541-4C36-9B19-B30CEB29A27B}.Debug|Any CPU.ActiveCfg = Debug|Any CPU
		{5D0FF4FB-B541-4C36-9B19-B30CEB29A27B}.Debug|Any CPU.Build.0 = Debug|Any CPU
		{5D0FF4FB-B541-4C36-9B19-B30CEB29A27B}.Release|Any CPU.ActiveCfg = Release|Any CPU
		{5D0FF4FB-B541-4C36-9B19-B30CEB29A27B}.Release|Any CPU.Build.0 = Release|Any CPU
		{5D0FF4FB-B541-4C36-9B19-B30CEB29A27B}.UAT|Any CPU.ActiveCfg = Release|Any CPU
		{5D0FF4FB-B541-4C36-9B19-B30CEB29A27B}.UAT|Any CPU.Build.0 = Release|Any CPU
		{A29269E7-523F-49D7-97AD-8DAA602B47C8}.Debug|Any CPU.ActiveCfg = Debug|Any CPU
		{A29269E7-523F-49D7-97AD-8DAA602B47C8}.Debug|Any CPU.Build.0 = Debug|Any CPU
		{A29269E7-523F-49D7-97AD-8DAA602B47C8}.Release|Any CPU.ActiveCfg = Release|Any CPU
		{A29269E7-523F-49D7-97AD-8DAA602B47C8}.Release|Any CPU.Build.0 = Release|Any CPU
		{A29269E7-523F-49D7-97AD-8DAA602B47C8}.UAT|Any CPU.ActiveCfg = Debug|Any CPU
		{A29269E7-523F-49D7-97AD-8DAA602B47C8}.UAT|Any CPU.Build.0 = Debug|Any CPU
		{9F92F014-63C4-4EB8-AF7B-BF0599DAF5FF}.Debug|Any CPU.ActiveCfg = Debug|Any CPU
		{9F92F014-63C4-4EB8-AF7B-BF0599DAF5FF}.Debug|Any CPU.Build.0 = Debug|Any CPU
		{9F92F014-63C4-4EB8-AF7B-BF0599DAF5FF}.Release|Any CPU.ActiveCfg = Release|Any CPU
		{9F92F014-63C4-4EB8-AF7B-BF0599DAF5FF}.Release|Any CPU.Build.0 = Release|Any CPU
		{9F92F014-63C4-4EB8-AF7B-BF0599DAF5FF}.UAT|Any CPU.ActiveCfg = Debug|Any CPU
		{9F92F014-63C4-4EB8-AF7B-BF0599DAF5FF}.UAT|Any CPU.Build.0 = Debug|Any CPU
	EndGlobalSection
	GlobalSection(SolutionProperties) = preSolution
		HideSolutionNode = FALSE
	EndGlobalSection
	GlobalSection(ExtensibilityGlobals) = postSolution
		SolutionGuid = {5A702D1E-E2DA-4168-8299-1734DAE04DE0}
	EndGlobalSection
EndGlobal
